
Microsoft Visual Studio Solution File, Format Version 12.00
# Visual Studio 15
VisualStudioVersion = 15.0.28010.2041
MinimumVisualStudioVersion = 10.0.40219.1
Project("{FAE04EC0-301F-11D3-BF4B-00C04F79EFBC}") = "EF_ModelFirst", "EF_ModelFirst\EF_ModelFirst.csproj", "{E48CE132-CC5B-436A-B11E-C7B7193A3A2A}"
EndProject
Global
	GlobalSection(SolutionConfigurationPlatforms) = preSolution
		Debug|Any CPU = Debug|Any CPU
		Release|Any CPU = Release|Any CPU
	EndGlobalSection
	GlobalSection(ProjectConfigurationPlatforms) = postSolution
		{E48CE132-CC5B-436A-B11E-C7B7193A3A2A}.Debug|Any CPU.ActiveCfg = Debug|Any CPU
		{E48CE132-CC5B-436A-B11E-C7B7193A3A2A}.Debug|Any CPU.Build.0 = Debug|Any CPU
		{E48CE132-CC5B-436A-B11E-C7B7193A3A2A}.Release|Any CPU.ActiveCfg = Release|Any CPU
		{E48CE132-CC5B-436A-B11E-C7B7193A3A2A}.Release|Any CPU.Build.0 = Release|Any CPU
	EndGlobalSection
	GlobalSection(SolutionProperties) = preSolution
		HideSolutionNode = FALSE
	EndGlobalSection
	GlobalSection(ExtensibilityGlobals) = postSolution
		SolutionGuid = {584DBF7D-DAA1-475D-9546-1B94CA2E9FBC}
	EndGlobalSection
EndGlobal
